# THIS IS AN AUTOGENERATED FILE. DO NOT EDIT THIS FILE DIRECTLY.
# yarn lockfile v1


expo-image-loader@~4.4.0:
  version "4.4.0"
  resolved "https://registry.yarnpkg.com/expo-image-loader/-/expo-image-loader-4.4.0.tgz#35909516311aa60fa4bf35aa6eb7624d7f7f788d"
  integrity sha512-dq88tiRB8aB1U+O/oJI7IY4VU9Nu2iDjEwR8QDfLtD4xWd5lNGoyic5Vh7911E1qNJFqNMSVIVzOD5l1SQ3A6g==

expo-image-picker@^14.5.0:
  version "14.5.0"
  resolved "https://registry.yarnpkg.com/expo-image-picker/-/expo-image-picker-14.5.0.tgz#fdc14c74ad338a6a630f8fc5c81e642d6bea343c"
  integrity sha512-9icvfQuWMdNKufFqu+FxenKcfybz9ior+XYQCIl/q5+mpHPo2tKq8I30vu2BjsOJ0Cfo7V4vMeN7a9F/3ooUfQ==
  dependencies:
    expo-image-loader "~4.4.0"
